
Microsoft Visual Studio Solution File, Format Version 12.00
# Visual Studio Version 17
VisualStudioVersion = 17.0.31903.59
MinimumVisualStudioVersion = 10.0.40219.1
Project("{FAE04EC0-301F-11D3-BF4B-00C04F79EFBC}") = "OrganizadorArquivos", "OrganizadorArquivos\OrganizadorArquivos.csproj", "{3D9FB4B1-CEB1-4CCA-9CC1-9986F7DB697A}"
EndProject
Project("{FAE04EC0-301F-11D3-BF4B-00C04F79EFBC}") = "OrganizadorArquivos.Tests", "OrganizadorArquivos.Tests\OrganizadorArquivos.Tests.csproj", "{51DAB5CA-F88C-420F-A762-2E5F38F448B1}"
EndProject
Global
	GlobalSection(SolutionConfigurationPlatforms) = preSolution
		Debug|Any CPU = Debug|Any CPU
		Debug|x64 = Debug|x64
		Debug|x86 = Debug|x86
		Release|Any CPU = Release|Any CPU
		Release|x64 = Release|x64
		Release|x86 = Release|x86
	EndGlobalSection
	GlobalSection(ProjectConfigurationPlatforms) = postSolution
		{3D9FB4B1-CEB1-4CCA-9CC1-9986F7DB697A}.Debug|Any CPU.ActiveCfg = Debug|Any CPU
		{3D9FB4B1-CEB1-4CCA-9CC1-9986F7DB697A}.Debug|Any CPU.Build.0 = Debug|Any CPU
		{3D9FB4B1-CEB1-4CCA-9CC1-9986F7DB697A}.Debug|x64.ActiveCfg = Debug|Any CPU
		{3D9FB4B1-CEB1-4CCA-9CC1-9986F7DB697A}.Debug|x64.Build.0 = Debug|Any CPU
		{3D9FB4B1-CEB1-4CCA-9CC1-9986F7DB697A}.Debug|x86.ActiveCfg = Debug|Any CPU
		{3D9FB4B1-CEB1-4CCA-9CC1-9986F7DB697A}.Debug|x86.Build.0 = Debug|Any CPU
		{3D9FB4B1-CEB1-4CCA-9CC1-9986F7DB697A}.Release|Any CPU.ActiveCfg = Release|Any CPU
		{3D9FB4B1-CEB1-4CCA-9CC1-9986F7DB697A}.Release|Any CPU.Build.0 = Release|Any CPU
		{3D9FB4B1-CEB1-4CCA-9CC1-9986F7DB697A}.Release|x64.ActiveCfg = Release|Any CPU
		{3D9FB4B1-CEB1-4CCA-9CC1-9986F7DB697A}.Release|x64.Build.0 = Release|Any CPU
		{3D9FB4B1-CEB1-4CCA-9CC1-9986F7DB697A}.Release|x86.ActiveCfg = Release|Any CPU
		{3D9FB4B1-CEB1-4CCA-9CC1-9986F7DB697A}.Release|x86.Build.0 = Release|Any CPU
		{51DAB5CA-F88C-420F-A762-2E5F38F448B1}.Debug|Any CPU.ActiveCfg = Debug|Any CPU
		{51DAB5CA-F88C-420F-A762-2E5F38F448B1}.Debug|Any CPU.Build.0 = Debug|Any CPU
		{51DAB5CA-F88C-420F-A762-2E5F38F448B1}.Debug|x64.ActiveCfg = Debug|Any CPU
		{51DAB5CA-F88C-420F-A762-2E5F38F448B1}.Debug|x64.Build.0 = Debug|Any CPU
		{51DAB5CA-F88C-420F-A762-2E5F38F448B1}.Debug|x86.ActiveCfg = Debug|Any CPU
		{51DAB5CA-F88C-420F-A762-2E5F38F448B1}.Debug|x86.Build.0 = Debug|Any CPU
		{51DAB5CA-F88C-420F-A762-2E5F38F448B1}.Release|Any CPU.ActiveCfg = Release|Any CPU
		{51DAB5CA-F88C-420F-A762-2E5F38F448B1}.Release|Any CPU.Build.0 = Release|Any CPU
		{51DAB5CA-F88C-420F-A762-2E5F38F448B1}.Release|x64.ActiveCfg = Release|Any CPU
		{51DAB5CA-F88C-420F-A762-2E5F38F448B1}.Release|x64.Build.0 = Release|Any CPU
		{51DAB5CA-F88C-420F-A762-2E5F38F448B1}.Release|x86.ActiveCfg = Release|Any CPU
		{51DAB5CA-F88C-420F-A762-2E5F38F448B1}.Release|x86.Build.0 = Release|Any CPU
	EndGlobalSection
	GlobalSection(SolutionProperties) = preSolution
		HideSolutionNode = FALSE
	EndGlobalSection
EndGlobal
